
Microsoft Visual Studio Solution File, Format Version 12.00
# Visual Studio Version 17
VisualStudioVersion = 17.14.36717.8 d17.14
MinimumVisualStudioVersion = 10.0.40219.1
Project("{FAE04EC0-301F-11D3-BF4B-00C04F79EFBC}") = "Mini Uptime Robot", "Mini Uptime Robot\Mini Uptime Robot.csproj", "{6C481EBA-8FAD-4647-8E9A-E04B9AA45EDA}"
EndProject
Global
	GlobalSection(SolutionConfigurationPlatforms) = preSolution
		Debug|Any CPU = Debug|Any CPU
		Release|Any CPU = Release|Any CPU
	EndGlobalSection
	GlobalSection(ProjectConfigurationPlatforms) = postSolution
		{6C481EBA-8FAD-4647-8E9A-E04B9AA45EDA}.Debug|Any CPU.ActiveCfg = Debug|Any CPU
		{6C481EBA-8FAD-4647-8E9A-E04B9AA45EDA}.Debug|Any CPU.Build.0 = Debug|Any CPU
		{6C481EBA-8FAD-4647-8E9A-E04B9AA45EDA}.Release|Any CPU.ActiveCfg = Release|Any CPU
		{6C481EBA-8FAD-4647-8E9A-E04B9AA45EDA}.Release|Any CPU.Build.0 = Release|Any CPU
	EndGlobalSection
	GlobalSection(SolutionProperties) = preSolution
		HideSolutionNode = FALSE
	EndGlobalSection
	GlobalSection(ExtensibilityGlobals) = postSolution
		SolutionGuid = {498D5663-D9F5-4A9B-A681-8A8D38BFB51B}
	EndGlobalSection
EndGlobal
